# THIS IS AN AUTOGENERATED FILE. DO NOT EDIT THIS FILE DIRECTLY.
# yarn lockfile v1


"@commitlint/config-conventional@^11.0.0":
  version "11.0.0"
  resolved "https://registry.npm.taobao.org/@commitlint/config-conventional/download/@commitlint/config-conventional-11.0.0.tgz#3fa300a1b639273946de3c3f15e1cda518333422"
  integrity sha1-P6MAobY5JzlG3jw/FeHNpRgzNCI=
  dependencies:
    conventional-changelog-conventionalcommits "^4.3.1"

array-ify@^1.0.0:
  version "1.0.0"
  resolved "https://registry.npm.taobao.org/array-ify/download/array-ify-1.0.0.tgz#9e528762b4a9066ad163a6962a364418e9626ece"
  integrity sha1-nlKHYrSpBmrRY6aWKjZEGOlibs4=

compare-func@^2.0.0:
  version "2.0.0"
  resolved "https://registry.npm.taobao.org/compare-func/download/compare-func-2.0.0.tgz#fb65e75edbddfd2e568554e8b5b05fff7a51fcb3"
  integrity sha1-+2XnXtvd/S5WhVTotbBf/3pR/LM=
  dependencies:
    array-ify "^1.0.0"
    dot-prop "^5.1.0"

conventional-changelog-conventionalcommits@^4.3.1:
  version "4.4.0"
  resolved "https://registry.npm.taobao.org/conventional-changelog-conventionalcommits/download/conventional-changelog-conventionalcommits-4.4.0.tgz?cache=0&sync_timestamp=1597209483563&other_urls=https%3A%2F%2Fregistry.npm.taobao.org%2Fconventional-changelog-conventionalcommits%2Fdownload%2Fconventional-changelog-conventionalcommits-4.4.0.tgz#8d96687141c9bbd725a89b95c04966d364194cd4"
  integrity sha1-jZZocUHJu9clqJuVwElm02QZTNQ=
  dependencies:
    compare-func "^2.0.0"
    lodash "^4.17.15"
    q "^1.5.1"

dot-prop@^5.1.0:
  version "5.3.0"
  resolved "https://registry.npm.taobao.org/dot-prop/download/dot-prop-5.3.0.tgz#90ccce708cd9cd82cc4dc8c3ddd9abdd55b20e88"
  integrity sha1-kMzOcIzZzYLMTcjD3dmr3VWyDog=
  dependencies:
    is-obj "^2.0.0"

is-obj@^2.0.0:
  version "2.0.0"
  resolved "https://registry.npm.taobao.org/is-obj/download/is-obj-2.0.0.tgz#473fb05d973705e3fd9620545018ca8e22ef4982"
  integrity sha1-Rz+wXZc3BeP9liBUUBjKjiLvSYI=

lodash@^4.17.15:
  version "4.17.21"
  resolved "https://registry.yarnpkg.com/lodash/-/lodash-4.17.21.tgz#679591c564c3bffaae8454cf0b3df370c3d6911c"
  integrity sha512-v2kDEe57lecTulaDIuNTPy3Ry4gLGJ6Z1O3vE1krgXZNrsQ+LFTGHVxVjcXPs17LhbZVGedAJv8XZ1tvj5FvSg==

q@^1.5.1:
  version "1.5.1"
  resolved "https://registry.npm.taobao.org/q/download/q-1.5.1.tgz?cache=0&sync_timestamp=1589682817412&other_urls=https%3A%2F%2Fregistry.npm.taobao.org%2Fq%2Fdownload%2Fq-1.5.1.tgz#7e32f75b41381291d04611f1bf14109ac00651d7"
  integrity sha1-fjL3W0E4EpHQRhHxvxQQmsAGUdc=
